// !$*UTF8*$!
{
	archiveVersion = 1;
	classes = {
	};
	objectVersion = 46;
	objects = {

/* Begin PBXBuildFile section */
		10F9FDE41C17BC9D00D3C4CC /* FacebookLoginController.swift in Sources */ = {isa = PBXBuildFile; fileRef = 10F9FDE31C17BC9D00D3C4CC /* FacebookLoginController.swift */; };
		10F9FDE61C17DFF700D3C4CC /* SwipeController.swift in Sources */ = {isa = PBXBuildFile; fileRef = 10F9FDE51C17DFF700D3C4CC /* SwipeController.swift */; };
		10F9FDEC1C18AFBB00D3C4CC /* SettingsController.swift in Sources */ = {isa = PBXBuildFile; fileRef = 10F9FDEB1C18AFBB00D3C4CC /* SettingsController.swift */; };
		10F9FDF01C18ECD800D3C4CC /* UserModel.swift in Sources */ = {isa = PBXBuildFile; fileRef = 10F9FDEF1C18ECD800D3C4CC /* UserModel.swift */; };
		10F9FDF41C18F3B900D3C4CC /* ProfileViewController.swift in Sources */ = {isa = PBXBuildFile; fileRef = 10F9FDF31C18F3B900D3C4CC /* ProfileViewController.swift */; };
		10F9FE731C1B83FF00D3C4CC /* ChatViewController.swift in Sources */ = {isa = PBXBuildFile; fileRef = 10F9FE721C1B83FF00D3C4CC /* ChatViewController.swift */; };
		10F9FE7B1C1B9C9600D3C4CC /* icon_ios_chat_filled.png in Resources */ = {isa = PBXBuildFile; fileRef = 10F9FE751C1B9C9600D3C4CC /* icon_ios_chat_filled.png */; };
		10F9FE7E1C1B9C9600D3C4CC /* icon_ios_topcharts.png in Resources */ = {isa = PBXBuildFile; fileRef = 10F9FE781C1B9C9600D3C4CC /* icon_ios_topcharts.png */; };
		10F9FE801C1B9C9600D3C4CC /* icon_ios_user_filled.png in Resources */ = {isa = PBXBuildFile; fileRef = 10F9FE7A1C1B9C9600D3C4CC /* icon_ios_user_filled.png */; };
		10F9FE841C1CFE9600D3C4CC /* CoreLocation.framework in Frameworks */ = {isa = PBXBuildFile; fileRef = 10F9FE831C1CFE9600D3C4CC /* CoreLocation.framework */; };
		814C3ACB1B69877600E307BB /* Images.xcassets in Resources */ = {isa = PBXBuildFile; fileRef = 814C3AC81B69877600E307BB /* Images.xcassets */; };
		81BA814B1A49DA1800E65899 /* AppDelegate.swift in Sources */ = {isa = PBXBuildFile; fileRef = 81BA814A1A49DA1800E65899 /* AppDelegate.swift */; };
		81BA814D1A49DA1800E65899 /* ViewController.swift in Sources */ = {isa = PBXBuildFile; fileRef = 81BA814C1A49DA1800E65899 /* ViewController.swift */; };
		BE928A4E1C20E6E2002C9C7D /* PeopleViewController.swift in Sources */ = {isa = PBXBuildFile; fileRef = BE928A4D1C20E6E2002C9C7D /* PeopleViewController.swift */; };
		BE928A501C20F245002C9C7D /* TimeViewController.swift in Sources */ = {isa = PBXBuildFile; fileRef = BE928A4F1C20F245002C9C7D /* TimeViewController.swift */; };
		BE928A521C20F26E002C9C7D /* LocationViewController.swift in Sources */ = {isa = PBXBuildFile; fileRef = BE928A511C20F26E002C9C7D /* LocationViewController.swift */; };
		BE95C7371C20AF80005CB21C /* PostViewController.swift in Sources */ = {isa = PBXBuildFile; fileRef = BE95C7361C20AF80005CB21C /* PostViewController.swift */; };
		BECE401E1C1F578100894D06 /* WandooViewController.swift in Sources */ = {isa = PBXBuildFile; fileRef = BECE401D1C1F578100894D06 /* WandooViewController.swift */; };
		BECE40231C1F6A3300894D06 /* Main.storyboard in Resources */ = {isa = PBXBuildFile; fileRef = BECE40211C1F6A3300894D06 /* Main.storyboard */; };
		BEF8B9511C1CDEB90080D0C7 /* Rectangle 43 + Login with facebook + Facebook.png in Resources */ = {isa = PBXBuildFile; fileRef = BEF8B9501C1CDEB90080D0C7 /* Rectangle 43 + Login with facebook + Facebook.png */; };
		BEF8B9531C1CDFD60080D0C7 /* Wandoo.png in Resources */ = {isa = PBXBuildFile; fileRef = BEF8B9521C1CDFD60080D0C7 /* Wandoo.png */; };
		DFDFE3936AAAE810E5AFD4D0 /* Pods_ParseStarterProject_Swift.framework in Frameworks */ = {isa = PBXBuildFile; fileRef = 0CFBAF29DB87720BAD473C6C /* Pods_ParseStarterProject_Swift.framework */; };
/* End PBXBuildFile section */

/* Begin PBXFileReference section */
		0CFBAF29DB87720BAD473C6C /* Pods_ParseStarterProject_Swift.framework */ = {isa = PBXFileReference; explicitFileType = wrapper.framework; includeInIndex = 0; path = Pods_ParseStarterProject_Swift.framework; sourceTree = BUILT_PRODUCTS_DIR; };
		10F9FDE31C17BC9D00D3C4CC /* FacebookLoginController.swift */ = {isa = PBXFileReference; fileEncoding = 4; lastKnownFileType = sourcecode.swift; path = FacebookLoginController.swift; sourceTree = "<group>"; };
		10F9FDE51C17DFF700D3C4CC /* SwipeController.swift */ = {isa = PBXFileReference; fileEncoding = 4; lastKnownFileType = sourcecode.swift; path = SwipeController.swift; sourceTree = "<group>"; };
		10F9FDEB1C18AFBB00D3C4CC /* SettingsController.swift */ = {isa = PBXFileReference; fileEncoding = 4; lastKnownFileType = sourcecode.swift; path = SettingsController.swift; sourceTree = "<group>"; };
		10F9FDEF1C18ECD800D3C4CC /* UserModel.swift */ = {isa = PBXFileReference; fileEncoding = 4; lastKnownFileType = sourcecode.swift; path = UserModel.swift; sourceTree = "<group>"; };
		10F9FDF31C18F3B900D3C4CC /* ProfileViewController.swift */ = {isa = PBXFileReference; fileEncoding = 4; lastKnownFileType = sourcecode.swift; name = ProfileViewController.swift; path = ../ProfileViewController.swift; sourceTree = "<group>"; };
		10F9FE721C1B83FF00D3C4CC /* ChatViewController.swift */ = {isa = PBXFileReference; fileEncoding = 4; lastKnownFileType = sourcecode.swift; path = ChatViewController.swift; sourceTree = "<group>"; };
		10F9FE751C1B9C9600D3C4CC /* icon_ios_chat_filled.png */ = {isa = PBXFileReference; lastKnownFileType = image.png; path = icon_ios_chat_filled.png; sourceTree = "<group>"; };
		10F9FE781C1B9C9600D3C4CC /* icon_ios_topcharts.png */ = {isa = PBXFileReference; lastKnownFileType = image.png; path = icon_ios_topcharts.png; sourceTree = "<group>"; };
		10F9FE7A1C1B9C9600D3C4CC /* icon_ios_user_filled.png */ = {isa = PBXFileReference; lastKnownFileType = image.png; path = icon_ios_user_filled.png; sourceTree = "<group>"; };
		10F9FE831C1CFE9600D3C4CC /* CoreLocation.framework */ = {isa = PBXFileReference; lastKnownFileType = wrapper.framework; name = CoreLocation.framework; path = System/Library/Frameworks/CoreLocation.framework; sourceTree = SDKROOT; };
		731D19D7D6D60F4A3116C2FD /* Pods-ParseStarterProject-Swift.release.xcconfig */ = {isa = PBXFileReference; includeInIndex = 1; lastKnownFileType = text.xcconfig; name = "Pods-ParseStarterProject-Swift.release.xcconfig"; path = "Pods/Target Support Files/Pods-ParseStarterProject-Swift/Pods-ParseStarterProject-Swift.release.xcconfig"; sourceTree = "<group>"; };
		814C3AC81B69877600E307BB /* Images.xcassets */ = {isa = PBXFileReference; lastKnownFileType = folder.assetcatalog; path = Images.xcassets; sourceTree = "<group>"; };
		814C3AC91B69877600E307BB /* Info.plist */ = {isa = PBXFileReference; fileEncoding = 4; lastKnownFileType = text.plist.xml; path = Info.plist; sourceTree = "<group>"; };
		81BA81451A49DA1800E65899 /* ParseStarterProject-Swift.app */ = {isa = PBXFileReference; explicitFileType = wrapper.application; includeInIndex = 0; path = "ParseStarterProject-Swift.app"; sourceTree = BUILT_PRODUCTS_DIR; };
		81BA814A1A49DA1800E65899 /* AppDelegate.swift */ = {isa = PBXFileReference; lastKnownFileType = sourcecode.swift; path = AppDelegate.swift; sourceTree = "<group>"; };
		81BA814C1A49DA1800E65899 /* ViewController.swift */ = {isa = PBXFileReference; lastKnownFileType = sourcecode.swift; path = ViewController.swift; sourceTree = "<group>"; };
		BE0FA3C6CE392870616C0E55 /* Pods-ParseStarterProject-Swift.debug.xcconfig */ = {isa = PBXFileReference; includeInIndex = 1; lastKnownFileType = text.xcconfig; name = "Pods-ParseStarterProject-Swift.debug.xcconfig"; path = "Pods/Target Support Files/Pods-ParseStarterProject-Swift/Pods-ParseStarterProject-Swift.debug.xcconfig"; sourceTree = "<group>"; };
		BE928A4D1C20E6E2002C9C7D /* PeopleViewController.swift */ = {isa = PBXFileReference; fileEncoding = 4; lastKnownFileType = sourcecode.swift; path = PeopleViewController.swift; sourceTree = "<group>"; };
		BE928A4F1C20F245002C9C7D /* TimeViewController.swift */ = {isa = PBXFileReference; fileEncoding = 4; lastKnownFileType = sourcecode.swift; path = TimeViewController.swift; sourceTree = "<group>"; };
		BE928A511C20F26E002C9C7D /* LocationViewController.swift */ = {isa = PBXFileReference; fileEncoding = 4; lastKnownFileType = sourcecode.swift; path = LocationViewController.swift; sourceTree = "<group>"; };
		BE95C7351C20AE53005CB21C /* Montserrat-Regular.ttf */ = {isa = PBXFileReference; lastKnownFileType = file; name = "Montserrat-Regular.ttf"; path = "../../../../../Montserrat-Regular.ttf"; sourceTree = "<group>"; };
		BE95C7361C20AF80005CB21C /* PostViewController.swift */ = {isa = PBXFileReference; fileEncoding = 4; lastKnownFileType = sourcecode.swift; path = PostViewController.swift; sourceTree = "<group>"; };
		BECE401D1C1F578100894D06 /* WandooViewController.swift */ = {isa = PBXFileReference; fileEncoding = 4; lastKnownFileType = sourcecode.swift; path = WandooViewController.swift; sourceTree = "<group>"; };
		BECE40221C1F6A3300894D06 /* Base */ = {isa = PBXFileReference; lastKnownFileType = file.storyboard; name = Base; path = Resources/Base.lproj/Main.storyboard; sourceTree = SOURCE_ROOT; };
		BEF8B9501C1CDEB90080D0C7 /* Rectangle 43 + Login with facebook + Facebook.png */ = {isa = PBXFileReference; lastKnownFileType = image.png; path = "Rectangle 43 + Login with facebook + Facebook.png"; sourceTree = "<group>"; };
		BEF8B9521C1CDFD60080D0C7 /* Wandoo.png */ = {isa = PBXFileReference; lastKnownFileType = image.png; path = Wandoo.png; sourceTree = "<group>"; };
/* End PBXFileReference section */

/* Begin PBXFrameworksBuildPhase section */
		81BA81421A49DA1800E65899 /* Frameworks */ = {
			isa = PBXFrameworksBuildPhase;
			buildActionMask = 2147483647;
			files = (
				10F9FE841C1CFE9600D3C4CC /* CoreLocation.framework in Frameworks */,
				DFDFE3936AAAE810E5AFD4D0 /* Pods_ParseStarterProject_Swift.framework in Frameworks */,
			);
			runOnlyForDeploymentPostprocessing = 0;
		};
/* End PBXFrameworksBuildPhase section */

/* Begin PBXGroup section */
		0236D94BBC83A684FD566318 /* Pods */ = {
			isa = PBXGroup;
			children = (
				BE0FA3C6CE392870616C0E55 /* Pods-ParseStarterProject-Swift.debug.xcconfig */,
				731D19D7D6D60F4A3116C2FD /* Pods-ParseStarterProject-Swift.release.xcconfig */,
			);
			name = Pods;
			sourceTree = "<group>";
		};
		10F9FE741C1B95D400D3C4CC /* images */ = {
			isa = PBXGroup;
			children = (
				10F9FE751C1B9C9600D3C4CC /* icon_ios_chat_filled.png */,
				BEF8B9501C1CDEB90080D0C7 /* Rectangle 43 + Login with facebook + Facebook.png */,
				BEF8B9521C1CDFD60080D0C7 /* Wandoo.png */,
				10F9FE781C1B9C9600D3C4CC /* icon_ios_topcharts.png */,
				10F9FE7A1C1B9C9600D3C4CC /* icon_ios_user_filled.png */,
			);
			name = images;
			sourceTree = "<group>";
		};
		3C1FB6350ED38419BFA692FB /* Frameworks */ = {
			isa = PBXGroup;
			children = (
				10F9FE831C1CFE9600D3C4CC /* CoreLocation.framework */,
				0CFBAF29DB87720BAD473C6C /* Pods_ParseStarterProject_Swift.framework */,
			);
			name = Frameworks;
			sourceTree = "<group>";
		};
		814C3AC51B69877600E307BB /* Resources */ = {
			isa = PBXGroup;
			children = (
				814C3AC81B69877600E307BB /* Images.xcassets */,
				BE95C7351C20AE53005CB21C /* Montserrat-Regular.ttf */,
				814C3AC91B69877600E307BB /* Info.plist */,
			);
			path = Resources;
			sourceTree = "<group>";
		};
		81BA813C1A49DA1800E65899 = {
			isa = PBXGroup;
			children = (
				81BA81471A49DA1800E65899 /* ParseStarterProject */,
				814C3AC51B69877600E307BB /* Resources */,
				81BA81461A49DA1800E65899 /* Products */,
				3C1FB6350ED38419BFA692FB /* Frameworks */,
				0236D94BBC83A684FD566318 /* Pods */,
			);
			sourceTree = "<group>";
		};
		81BA81461A49DA1800E65899 /* Products */ = {
			isa = PBXGroup;
			children = (
				81BA81451A49DA1800E65899 /* ParseStarterProject-Swift.app */,
			);
			name = Products;
			sourceTree = "<group>";
		};
		81BA81471A49DA1800E65899 /* ParseStarterProject */ = {
			isa = PBXGroup;
			children = (
				10F9FE741C1B95D400D3C4CC /* images */,
				81BA814A1A49DA1800E65899 /* AppDelegate.swift */,
				81BA814C1A49DA1800E65899 /* ViewController.swift */,
				BECE401D1C1F578100894D06 /* WandooViewController.swift */,
				10F9FE721C1B83FF00D3C4CC /* ChatViewController.swift */,
				10F9FDF31C18F3B900D3C4CC /* ProfileViewController.swift */,
				10F9FDEF1C18ECD800D3C4CC /* UserModel.swift */,
				BECE40211C1F6A3300894D06 /* Main.storyboard */,
				BE928A511C20F26E002C9C7D /* LocationViewController.swift */,
				BE928A4F1C20F245002C9C7D /* TimeViewController.swift */,
				BE928A4D1C20E6E2002C9C7D /* PeopleViewController.swift */,
				BE95C7361C20AF80005CB21C /* PostViewController.swift */,
				10F9FDEB1C18AFBB00D3C4CC /* SettingsController.swift */,
				10F9FDE31C17BC9D00D3C4CC /* FacebookLoginController.swift */,
				10F9FDE51C17DFF700D3C4CC /* SwipeController.swift */,
			);
			path = ParseStarterProject;
			sourceTree = "<group>";
		};
/* End PBXGroup section */

/* Begin PBXNativeTarget section */
		81BA81441A49DA1800E65899 /* ParseStarterProject-Swift */ = {
			isa = PBXNativeTarget;
			buildConfigurationList = 81BA81641A49DA1800E65899 /* Build configuration list for PBXNativeTarget "ParseStarterProject-Swift" */;
			buildPhases = (
				7398E36263C7878A496D37D7 /* Check Pods Manifest.lock */,
				81BA81411A49DA1800E65899 /* Sources */,
				81BA81421A49DA1800E65899 /* Frameworks */,
				81BA81431A49DA1800E65899 /* Resources */,
				81CC85E11A49F6D40076DE19 /* Upload Symbol Files */,
				76C17BFBAD43044FB8491B8D /* Embed Pods Frameworks */,
				F5A5379A3ADE78A464125D54 /* Copy Pods Resources */,
			);
			buildRules = (
			);
			dependencies = (
			);
			name = "ParseStarterProject-Swift";
			productName = ParseStarterProject;
			productReference = 81BA81451A49DA1800E65899 /* ParseStarterProject-Swift.app */;
			productType = "com.apple.product-type.application";
		};
/* End PBXNativeTarget section */

/* Begin PBXProject section */
		81BA813D1A49DA1800E65899 /* Project object */ = {
			isa = PBXProject;
			attributes = {
				LastSwiftUpdateCheck = 0700;
				LastUpgradeCheck = 0710;
				ORGANIZATIONNAME = Parse;
				TargetAttributes = {
					81BA81441A49DA1800E65899 = {
						CreatedOnToolsVersion = 6.1.1;
					};
				};
			};
			buildConfigurationList = 81BA81401A49DA1800E65899 /* Build configuration list for PBXProject "ParseStarterProject-Swift" */;
			compatibilityVersion = "Xcode 3.2";
			developmentRegion = English;
			hasScannedForEncodings = 0;
			knownRegions = (
				en,
				Base,
			);
			mainGroup = 81BA813C1A49DA1800E65899;
			productRefGroup = 81BA81461A49DA1800E65899 /* Products */;
			projectDirPath = "";
			projectRoot = "";
			targets = (
				81BA81441A49DA1800E65899 /* ParseStarterProject-Swift */,
			);
		};
/* End PBXProject section */

/* Begin PBXResourcesBuildPhase section */
		81BA81431A49DA1800E65899 /* Resources */ = {
			isa = PBXResourcesBuildPhase;
			buildActionMask = 2147483647;
			files = (
				BEF8B9511C1CDEB90080D0C7 /* Rectangle 43 + Login with facebook + Facebook.png in Resources */,
				10F9FE7E1C1B9C9600D3C4CC /* icon_ios_topcharts.png in Resources */,
				10F9FE801C1B9C9600D3C4CC /* icon_ios_user_filled.png in Resources */,
				814C3ACB1B69877600E307BB /* Images.xcassets in Resources */,
				BECE40231C1F6A3300894D06 /* Main.storyboard in Resources */,
				10F9FE7B1C1B9C9600D3C4CC /* icon_ios_chat_filled.png in Resources */,
				BEF8B9531C1CDFD60080D0C7 /* Wandoo.png in Resources */,
			);
			runOnlyForDeploymentPostprocessing = 0;
		};
/* End PBXResourcesBuildPhase section */

/* Begin PBXShellScriptBuildPhase section */
		7398E36263C7878A496D37D7 /* Check Pods Manifest.lock */ = {
			isa = PBXShellScriptBuildPhase;
			buildActionMask = 2147483647;
			files = (
			);
			inputPaths = (
			);
			name = "Check Pods Manifest.lock";
			outputPaths = (
			);
			runOnlyForDeploymentPostprocessing = 0;
			shellPath = /bin/sh;
			shellScript = "diff \"${PODS_ROOT}/../Podfile.lock\" \"${PODS_ROOT}/Manifest.lock\" > /dev/null\nif [[ $? != 0 ]] ; then\n    cat << EOM\nerror: The sandbox is not in sync with the Podfile.lock. Run 'pod install' or update your CocoaPods installation.\nEOM\n    exit 1\nfi\n";
			showEnvVarsInLog = 0;
		};
		76C17BFBAD43044FB8491B8D /* Embed Pods Frameworks */ = {
			isa = PBXShellScriptBuildPhase;
			buildActionMask = 2147483647;
			files = (
			);
			inputPaths = (
			);
			name = "Embed Pods Frameworks";
			outputPaths = (
			);
			runOnlyForDeploymentPostprocessing = 0;
			shellPath = /bin/sh;
			shellScript = "\"${SRCROOT}/Pods/Target Support Files/Pods-ParseStarterProject-Swift/Pods-ParseStarterProject-Swift-frameworks.sh\"\n";
			showEnvVarsInLog = 0;
		};
		81CC85E11A49F6D40076DE19 /* Upload Symbol Files */ = {
			isa = PBXShellScriptBuildPhase;
			buildActionMask = 2147483647;
			files = (
			);
			inputPaths = (
			);
			name = "Upload Symbol Files";
			outputPaths = (
			);
			runOnlyForDeploymentPostprocessing = 0;
			shellPath = /bin/sh;
			shellScript = "# This script will upload symbol files for your application,\n# so all your crash reports are going to be symbolicated\n\n# Important!\n# Before using the script, please initialize CloudCode folder and replace <path_to_cloudcode_folder> with the path to it\n#\n# Read more on Parse.com - https://parse.com/apps/quickstart#analytics/crashreporting/ios/\n############################################################\n\n\n# export PATH=/usr/local/bin:$PATH\n# cd <path_to_cloudcode_folder>\n\n# parse symbols -p \"${DWARF_DSYM_FOLDER_PATH}/${DWARF_DSYM_FILE_NAME}\"\n";
		};
		F5A5379A3ADE78A464125D54 /* Copy Pods Resources */ = {
			isa = PBXShellScriptBuildPhase;
			buildActionMask = 2147483647;
			files = (
			);
			inputPaths = (
			);
			name = "Copy Pods Resources";
			outputPaths = (
			);
			runOnlyForDeploymentPostprocessing = 0;
			shellPath = /bin/sh;
			shellScript = "\"${SRCROOT}/Pods/Target Support Files/Pods-ParseStarterProject-Swift/Pods-ParseStarterProject-Swift-resources.sh\"\n";
			showEnvVarsInLog = 0;
		};
/* End PBXShellScriptBuildPhase section */

/* Begin PBXSourcesBuildPhase section */
		81BA81411A49DA1800E65899 /* Sources */ = {
			isa = PBXSourcesBuildPhase;
			buildActionMask = 2147483647;
			files = (
				10F9FDE61C17DFF700D3C4CC /* SwipeController.swift in Sources */,
				BE928A501C20F245002C9C7D /* TimeViewController.swift in Sources */,
				10F9FDF01C18ECD800D3C4CC /* UserModel.swift in Sources */,
				10F9FE731C1B83FF00D3C4CC /* ChatViewController.swift in Sources */,
				BE928A4E1C20E6E2002C9C7D /* PeopleViewController.swift in Sources */,
				BECE401E1C1F578100894D06 /* WandooViewController.swift in Sources */,
				BE95C7371C20AF80005CB21C /* PostViewController.swift in Sources */,
				BE928A521C20F26E002C9C7D /* LocationViewController.swift in Sources */,
				10F9FDEC1C18AFBB00D3C4CC /* SettingsController.swift in Sources */,
				81BA814D1A49DA1800E65899 /* ViewController.swift in Sources */,
				10F9FDF41C18F3B900D3C4CC /* ProfileViewController.swift in Sources */,
				10F9FDE41C17BC9D00D3C4CC /* FacebookLoginController.swift in Sources */,
				81BA814B1A49DA1800E65899 /* AppDelegate.swift in Sources */,
			);
			runOnlyForDeploymentPostprocessing = 0;
		};
/* End PBXSourcesBuildPhase section */

/* Begin PBXVariantGroup section */
		BECE40211C1F6A3300894D06 /* Main.storyboard */ = {
			isa = PBXVariantGroup;
			children = (
				BECE40221C1F6A3300894D06 /* Base */,
			);
			name = Main.storyboard;
			sourceTree = "<group>";
		};
/* End PBXVariantGroup section */

/* Begin XCBuildConfiguration section */
		81BA81621A49DA1800E65899 /* Debug */ = {
			isa = XCBuildConfiguration;
			buildSettings = {
				ALWAYS_SEARCH_USER_PATHS = NO;
				CLANG_CXX_LANGUAGE_STANDARD = "gnu++0x";
				CLANG_CXX_LIBRARY = "libc++";
				CLANG_ENABLE_MODULES = YES;
				CLANG_ENABLE_OBJC_ARC = YES;
				CLANG_WARN_BOOL_CONVERSION = YES;
				CLANG_WARN_CONSTANT_CONVERSION = YES;
				CLANG_WARN_DIRECT_OBJC_ISA_USAGE = YES_ERROR;
				CLANG_WARN_EMPTY_BODY = YES;
				CLANG_WARN_ENUM_CONVERSION = YES;
				CLANG_WARN_INT_CONVERSION = YES;
				CLANG_WARN_OBJC_ROOT_CLASS = YES_ERROR;
				CLANG_WARN_UNREACHABLE_CODE = YES;
				CLANG_WARN__DUPLICATE_METHOD_MATCH = YES;
				"CODE_SIGN_IDENTITY[sdk=iphoneos*]" = "iPhone Developer";
				COPY_PHASE_STRIP = NO;
				ENABLE_STRICT_OBJC_MSGSEND = YES;
				GCC_C_LANGUAGE_STANDARD = gnu99;
				GCC_DYNAMIC_NO_PIC = NO;
				GCC_OPTIMIZATION_LEVEL = 0;
				GCC_PREPROCESSOR_DEFINITIONS = (
					"DEBUG=1",
					"$(inherited)",
				);
				GCC_SYMBOLS_PRIVATE_EXTERN = NO;
				GCC_WARN_64_TO_32_BIT_CONVERSION = YES;
				GCC_WARN_ABOUT_RETURN_TYPE = YES_ERROR;
				GCC_WARN_UNDECLARED_SELECTOR = YES;
				GCC_WARN_UNINITIALIZED_AUTOS = YES_AGGRESSIVE;
				GCC_WARN_UNUSED_FUNCTION = YES;
				GCC_WARN_UNUSED_VARIABLE = YES;
				IPHONEOS_DEPLOYMENT_TARGET = 7.0;
				MTL_ENABLE_DEBUG_INFO = YES;
				ONLY_ACTIVE_ARCH = YES;
				SDKROOT = iphoneos;
				SWIFT_OPTIMIZATION_LEVEL = "-Onone";
				TARGETED_DEVICE_FAMILY = "1,2";
			};
			name = Debug;
		};
		81BA81631A49DA1800E65899 /* Release */ = {
			isa = XCBuildConfiguration;
			buildSettings = {
				ALWAYS_SEARCH_USER_PATHS = NO;
				CLANG_CXX_LANGUAGE_STANDARD = "gnu++0x";
				CLANG_CXX_LIBRARY = "libc++";
				CLANG_ENABLE_MODULES = YES;
				CLANG_ENABLE_OBJC_ARC = YES;
				CLANG_WARN_BOOL_CONVERSION = YES;
				CLANG_WARN_CONSTANT_CONVERSION = YES;
				CLANG_WARN_DIRECT_OBJC_ISA_USAGE = YES_ERROR;
				CLANG_WARN_EMPTY_BODY = YES;
				CLANG_WARN_ENUM_CONVERSION = YES;
				CLANG_WARN_INT_CONVERSION = YES;
				CLANG_WARN_OBJC_ROOT_CLASS = YES_ERROR;
				CLANG_WARN_UNREACHABLE_CODE = YES;
				CLANG_WARN__DUPLICATE_METHOD_MATCH = YES;
				"CODE_SIGN_IDENTITY[sdk=iphoneos*]" = "iPhone Developer";
				COPY_PHASE_STRIP = YES;
				ENABLE_NS_ASSERTIONS = NO;
				ENABLE_STRICT_OBJC_MSGSEND = YES;
				GCC_C_LANGUAGE_STANDARD = gnu99;
				GCC_WARN_64_TO_32_BIT_CONVERSION = YES;
				GCC_WARN_ABOUT_RETURN_TYPE = YES_ERROR;
				GCC_WARN_UNDECLARED_SELECTOR = YES;
				GCC_WARN_UNINITIALIZED_AUTOS = YES_AGGRESSIVE;
				GCC_WARN_UNUSED_FUNCTION = YES;
				GCC_WARN_UNUSED_VARIABLE = YES;
				IPHONEOS_DEPLOYMENT_TARGET = 7.0;
				MTL_ENABLE_DEBUG_INFO = NO;
				SDKROOT = iphoneos;
				TARGETED_DEVICE_FAMILY = "1,2";
				VALIDATE_PRODUCT = YES;
			};
			name = Release;
		};
		81BA81651A49DA1800E65899 /* Debug */ = {
			isa = XCBuildConfiguration;
			baseConfigurationReference = BE0FA3C6CE392870616C0E55 /* Pods-ParseStarterProject-Swift.debug.xcconfig */;
			buildSettings = {
				ASSETCATALOG_COMPILER_APPICON_NAME = AppIcon;
				FRAMEWORK_SEARCH_PATHS = (
					"$(inherited)",
					"$(PROJECT_DIR)",
				);
				INFOPLIST_FILE = Resources/Info.plist;
				IPHONEOS_DEPLOYMENT_TARGET = 9.0;
				LD_RUNPATH_SEARCH_PATHS = "$(inherited) @executable_path/Frameworks";
				ONLY_ACTIVE_ARCH = YES;
				PRODUCT_BUNDLE_IDENTIFIER = com.greekepistles.wandoo;
				PRODUCT_NAME = "ParseStarterProject-Swift";
			};
			name = Debug;
		};
		81BA81661A49DA1800E65899 /* Release */ = {
			isa = XCBuildConfiguration;
			baseConfigurationReference = 731D19D7D6D60F4A3116C2FD /* Pods-ParseStarterProject-Swift.release.xcconfig */;
			buildSettings = {
				ASSETCATALOG_COMPILER_APPICON_NAME = AppIcon;
				FRAMEWORK_SEARCH_PATHS = (
					"$(inherited)",
					"$(PROJECT_DIR)",
				);
				INFOPLIST_FILE = Resources/Info.plist;
				IPHONEOS_DEPLOYMENT_TARGET = 9.0;
				LD_RUNPATH_SEARCH_PATHS = "$(inherited) @executable_path/Frameworks";
				PRODUCT_BUNDLE_IDENTIFIER = com.greekepistles.wandoo;
				PRODUCT_NAME = "ParseStarterProject-Swift";
			};
			name = Release;
		};
/* End XCBuildConfiguration section */

/* Begin XCConfigurationList section */
		81BA81401A49DA1800E65899 /* Build configuration list for PBXProject "ParseStarterProject-Swift" */ = {
			isa = XCConfigurationList;
			buildConfigurations = (
				81BA81621A49DA1800E65899 /* Debug */,
				81BA81631A49DA1800E65899 /* Release */,
			);
			defaultConfigurationIsVisible = 0;
			defaultConfigurationName = Release;
		};
		81BA81641A49DA1800E65899 /* Build configuration list for PBXNativeTarget "ParseStarterProject-Swift" */ = {
			isa = XCConfigurationList;
			buildConfigurations = (
				81BA81651A49DA1800E65899 /* Debug */,
				81BA81661A49DA1800E65899 /* Release */,
			);
			defaultConfigurationIsVisible = 0;
			defaultConfigurationName = Release;
		};
/* End XCConfigurationList section */
	};
	rootObject = 81BA813D1A49DA1800E65899 /* Project object */;
}
